
Microsoft Visual Studio Solution File, Format Version 12.00
# Visual Studio Version 17
VisualStudioVersion = 17.0.32014.148
MinimumVisualStudioVersion = 10.0.40219.1
Project("{FAE04EC0-301F-11D3-BF4B-00C04F79EFBC}") = "LojaInfo_ASPNET", "LojaInfo_ASPNET.csproj", "{231D6928-1281-48CA-80BD-8796182A8531}"
EndProject
Global
	GlobalSection(SolutionConfigurationPlatforms) = preSolution
		Debug|Any CPU = Debug|Any CPU
		Release|Any CPU = Release|Any CPU
	EndGlobalSection
	GlobalSection(ProjectConfigurationPlatforms) = postSolution
		{231D6928-1281-48CA-80BD-8796182A8531}.Debug|Any CPU.ActiveCfg = Debug|Any CPU
		{231D6928-1281-48CA-80BD-8796182A8531}.Debug|Any CPU.Build.0 = Debug|Any CPU
		{231D6928-1281-48CA-80BD-8796182A8531}.Release|Any CPU.ActiveCfg = Release|Any CPU
		{231D6928-1281-48CA-80BD-8796182A8531}.Release|Any CPU.Build.0 = Release|Any CPU
	EndGlobalSection
	GlobalSection(SolutionProperties) = preSolution
		HideSolutionNode = FALSE
	EndGlobalSection
	GlobalSection(ExtensibilityGlobals) = postSolution
		SolutionGuid = {5D0CF5E9-E1F7-4554-9C71-677C8ECF504C}
	EndGlobalSection
EndGlobal
